// !$*UTF8*$!
{
	archiveVersion = 1;
	classes = {
	};
	objectVersion = 50;
	objects = {

/* Begin PBXBuildFile section */
		FF95086723E2EF0600883480 /* shader.cpp in Sources */ = {isa = PBXBuildFile; fileRef = FF95086523E2EF0600883480 /* shader.cpp */; };
		FFF2DDED23DFED8F0083027E /* main.cpp in Sources */ = {isa = PBXBuildFile; fileRef = FFF2DDEC23DFED8F0083027E /* main.cpp */; };
		FFF2DDF523DFF1770083027E /* libglfw.3.dylib in Frameworks */ = {isa = PBXBuildFile; fileRef = FFF2DDF423DFF1770083027E /* libglfw.3.dylib */; };
		FFF2DDF623DFF1770083027E /* libglfw.3.dylib in Embed Libraries */ = {isa = PBXBuildFile; fileRef = FFF2DDF423DFF1770083027E /* libglfw.3.dylib */; settings = {ATTRIBUTES = (CodeSignOnCopy, ); }; };
		FFF2DDFF23DFF5850083027E /* glad.c in Sources */ = {isa = PBXBuildFile; fileRef = FFF2DDFE23DFF5850083027E /* glad.c */; };
/* End PBXBuildFile section */

/* Begin PBXCopyFilesBuildPhase section */
		FFF2DDE723DFED8F0083027E /* CopyFiles */ = {
			isa = PBXCopyFilesBuildPhase;
			buildActionMask = 2147483647;
			dstPath = /usr/share/man/man1/;
			dstSubfolderSpec = 0;
			files = (
			);
			runOnlyForDeploymentPostprocessing = 1;
		};
		FFF2DDF723DFF1770083027E /* Embed Libraries */ = {
			isa = PBXCopyFilesBuildPhase;
			buildActionMask = 2147483647;
			dstPath = "";
			dstSubfolderSpec = 10;
			files = (
				FFF2DDF623DFF1770083027E /* libglfw.3.dylib in Embed Libraries */,
			);
			name = "Embed Libraries";
			runOnlyForDeploymentPostprocessing = 0;
		};
/* End PBXCopyFilesBuildPhase section */

/* Begin PBXFileReference section */
		FF648E8C2438454200CFF562 /* resource */ = {isa = PBXFileReference; lastKnownFileType = folder; path = resource; sourceTree = "<group>"; };
		FF95086523E2EF0600883480 /* shader.cpp */ = {isa = PBXFileReference; lastKnownFileType = sourcecode.cpp.cpp; path = shader.cpp; sourceTree = "<group>"; };
		FF95086623E2EF0600883480 /* shader.hpp */ = {isa = PBXFileReference; lastKnownFileType = sourcecode.cpp.h; path = shader.hpp; sourceTree = "<group>"; };
		FFF2DDE923DFED8F0083027E /* LearnOpenGL */ = {isa = PBXFileReference; explicitFileType = "compiled.mach-o.executable"; includeInIndex = 0; path = LearnOpenGL; sourceTree = BUILT_PRODUCTS_DIR; };
		FFF2DDEC23DFED8F0083027E /* main.cpp */ = {isa = PBXFileReference; lastKnownFileType = sourcecode.cpp.cpp; path = main.cpp; sourceTree = "<group>"; };
		FFF2DDF423DFF1770083027E /* libglfw.3.dylib */ = {isa = PBXFileReference; lastKnownFileType = "compiled.mach-o.dylib"; name = libglfw.3.dylib; path = "../glfw-3.3.2.bin.MACOS/lib-macos/libglfw.3.dylib"; sourceTree = "<group>"; };
		FFF2DDFC23DFF5850083027E /* glad */ = {isa = PBXFileReference; lastKnownFileType = folder; path = glad; sourceTree = "<group>"; };
		FFF2DDFD23DFF5850083027E /* KHR */ = {isa = PBXFileReference; lastKnownFileType = folder; path = KHR; sourceTree = "<group>"; };
		FFF2DDFE23DFF5850083027E /* glad.c */ = {isa = PBXFileReference; fileEncoding = 4; lastKnownFileType = sourcecode.c.c; path = glad.c; sourceTree = "<group>"; };
/* End PBXFileReference section */

/* Begin PBXFrameworksBuildPhase section */
		FFF2DDE623DFED8F0083027E /* Frameworks */ = {
			isa = PBXFrameworksBuildPhase;
			buildActionMask = 2147483647;
			files = (
				FFF2DDF523DFF1770083027E /* libglfw.3.dylib in Frameworks */,
			);
			runOnlyForDeploymentPostprocessing = 0;
		};
/* End PBXFrameworksBuildPhase section */

/* Begin PBXGroup section */
		FFF2DDE023DFED8F0083027E = {
			isa = PBXGroup;
			children = (
				FFF2DDEB23DFED8F0083027E /* LearnOpenGL */,
				FFF2DDEA23DFED8F0083027E /* Products */,
				FFF2DDF323DFF1770083027E /* Frameworks */,
			);
			sourceTree = "<group>";
		};
		FFF2DDEA23DFED8F0083027E /* Products */ = {
			isa = PBXGroup;
			children = (
				FFF2DDE923DFED8F0083027E /* LearnOpenGL */,
			);
			name = Products;
			sourceTree = "<group>";
		};
		FFF2DDEB23DFED8F0083027E /* LearnOpenGL */ = {
			isa = PBXGroup;
			children = (
				FF648E8C2438454200CFF562 /* resource */,
				FFF2DDFC23DFF5850083027E /* glad */,
				FFF2DDFE23DFF5850083027E /* glad.c */,
				FFF2DDFD23DFF5850083027E /* KHR */,
				FFF2DDEC23DFED8F0083027E /* main.cpp */,
				FF95086523E2EF0600883480 /* shader.cpp */,
				FF95086623E2EF0600883480 /* shader.hpp */,
			);
			path = LearnOpenGL;
			sourceTree = "<group>";
		};
		FFF2DDF323DFF1770083027E /* Frameworks */ = {
			isa = PBXGroup;
			children = (
				FFF2DDF423DFF1770083027E /* libglfw.3.dylib */,
			);
			name = Frameworks;
			sourceTree = "<group>";
		};
/* End PBXGroup section */

/* Begin PBXNativeTarget section */
		FFF2DDE823DFED8F0083027E /* LearnOpenGL */ = {
			isa = PBXNativeTarget;
			buildConfigurationList = FFF2DDF023DFED8F0083027E /* Build configuration list for PBXNativeTarget "LearnOpenGL" */;
			buildPhases = (
				FFF2DDE523DFED8F0083027E /* Sources */,
				FFF2DDE623DFED8F0083027E /* Frameworks */,
				FFF2DDE723DFED8F0083027E /* CopyFiles */,
				FFF2DDF723DFF1770083027E /* Embed Libraries */,
			);
			buildRules = (
			);
			dependencies = (
			);
			name = LearnOpenGL;
			productName = LearnOpenGL;
			productReference = FFF2DDE923DFED8F0083027E /* LearnOpenGL */;
			productType = "com.apple.product-type.tool";
		};
/* End PBXNativeTarget section */

/* Begin PBXProject section */
		FFF2DDE123DFED8F0083027E /* Project object */ = {
			isa = PBXProject;
			attributes = {
				LastUpgradeCheck = 1110;
				ORGANIZATIONNAME = ZHANG;
				TargetAttributes = {
					FFF2DDE823DFED8F0083027E = {
						CreatedOnToolsVersion = 11.1;
					};
				};
			};
			buildConfigurationList = FFF2DDE423DFED8F0083027E /* Build configuration list for PBXProject "LearnOpenGL" */;
			compatibilityVersion = "Xcode 9.3";
			developmentRegion = en;
			hasScannedForEncodings = 0;
			knownRegions = (
				en,
				Base,
			);
			mainGroup = FFF2DDE023DFED8F0083027E;
			productRefGroup = FFF2DDEA23DFED8F0083027E /* Products */;
			projectDirPath = "";
			projectRoot = "";
			targets = (
				FFF2DDE823DFED8F0083027E /* LearnOpenGL */,
			);
		};
/* End PBXProject section */

/* Begin PBXSourcesBuildPhase section */
		FFF2DDE523DFED8F0083027E /* Sources */ = {
			isa = PBXSourcesBuildPhase;
			buildActionMask = 2147483647;
			files = (
				FF95086723E2EF0600883480 /* shader.cpp in Sources */,
				FFF2DDED23DFED8F0083027E /* main.cpp in Sources */,
				FFF2DDFF23DFF5850083027E /* glad.c in Sources */,
			);
			runOnlyForDeploymentPostprocessing = 0;
		};
/* End PBXSourcesBuildPhase section */

/* Begin XCBuildConfiguration section */
		FFF2DDEE23DFED8F0083027E /* Debug */ = {
			isa = XCBuildConfiguration;
			buildSettings = {
				ALWAYS_SEARCH_USER_PATHS = NO;
				CLANG_ANALYZER_NONNULL = YES;
				CLANG_ANALYZER_NUMBER_OBJECT_CONVERSION = YES_AGGRESSIVE;
				CLANG_CXX_LANGUAGE_STANDARD = "gnu++14";
				CLANG_CXX_LIBRARY = "libc++";
				CLANG_ENABLE_MODULES = YES;
				CLANG_ENABLE_OBJC_ARC = YES;
				CLANG_ENABLE_OBJC_WEAK = YES;
				CLANG_WARN_BLOCK_CAPTURE_AUTORELEASING = YES;
				CLANG_WARN_BOOL_CONVERSION = YES;
				CLANG_WARN_COMMA = YES;
				CLANG_WARN_CONSTANT_CONVERSION = YES;
				CLANG_WARN_DEPRECATED_OBJC_IMPLEMENTATIONS = YES;
				CLANG_WARN_DIRECT_OBJC_ISA_USAGE = YES_ERROR;
				CLANG_WARN_DOCUMENTATION_COMMENTS = YES;
				CLANG_WARN_EMPTY_BODY = YES;
				CLANG_WARN_ENUM_CONVERSION = YES;
				CLANG_WARN_INFINITE_RECURSION = YES;
				CLANG_WARN_INT_CONVERSION = YES;
				CLANG_WARN_NON_LITERAL_NULL_CONVERSION = YES;
				CLANG_WARN_OBJC_IMPLICIT_RETAIN_SELF = YES;
				CLANG_WARN_OBJC_LITERAL_CONVERSION = YES;
				CLANG_WARN_OBJC_ROOT_CLASS = YES_ERROR;
				CLANG_WARN_RANGE_LOOP_ANALYSIS = YES;
				CLANG_WARN_STRICT_PROTOTYPES = YES;
				CLANG_WARN_SUSPICIOUS_MOVE = YES;
				CLANG_WARN_UNGUARDED_AVAILABILITY = YES_AGGRESSIVE;
				CLANG_WARN_UNREACHABLE_CODE = YES;
				CLANG_WARN__DUPLICATE_METHOD_MATCH = YES;
				COPY_PHASE_STRIP = NO;
				DEBUG_INFORMATION_FORMAT = dwarf;
				ENABLE_STRICT_OBJC_MSGSEND = YES;
				ENABLE_TESTABILITY = YES;
				GCC_C_LANGUAGE_STANDARD = gnu11;
				GCC_DYNAMIC_NO_PIC = NO;
				GCC_NO_COMMON_BLOCKS = YES;
				GCC_OPTIMIZATION_LEVEL = 0;
				GCC_PREPROCESSOR_DEFINITIONS = (
					"DEBUG=1",
					"$(inherited)",
				);
				GCC_WARN_64_TO_32_BIT_CONVERSION = YES;
				GCC_WARN_ABOUT_RETURN_TYPE = YES_ERROR;
				GCC_WARN_UNDECLARED_SELECTOR = YES;
				GCC_WARN_UNINITIALIZED_AUTOS = YES_AGGRESSIVE;
				GCC_WARN_UNUSED_FUNCTION = YES;
				GCC_WARN_UNUSED_VARIABLE = YES;
				MACOSX_DEPLOYMENT_TARGET = 10.14;
				MTL_ENABLE_DEBUG_INFO = INCLUDE_SOURCE;
				MTL_FAST_MATH = YES;
				ONLY_ACTIVE_ARCH = YES;
				SDKROOT = macosx;
			};
			name = Debug;
		};
		FFF2DDEF23DFED8F0083027E /* Release */ = {
			isa = XCBuildConfiguration;
			buildSettings = {
				ALWAYS_SEARCH_USER_PATHS = NO;
				CLANG_ANALYZER_NONNULL = YES;
				CLANG_ANALYZER_NUMBER_OBJECT_CONVERSION = YES_AGGRESSIVE;
				CLANG_CXX_LANGUAGE_STANDARD = "gnu++14";
				CLANG_CXX_LIBRARY = "libc++";
				CLANG_ENABLE_MODULES = YES;
				CLANG_ENABLE_OBJC_ARC = YES;
				CLANG_ENABLE_OBJC_WEAK = YES;
				CLANG_WARN_BLOCK_CAPTURE_AUTORELEASING = YES;
				CLANG_WARN_BOOL_CONVERSION = YES;
				CLANG_WARN_COMMA = YES;
				CLANG_WARN_CONSTANT_CONVERSION = YES;
				CLANG_WARN_DEPRECATED_OBJC_IMPLEMENTATIONS = YES;
				CLANG_WARN_DIRECT_OBJC_ISA_USAGE = YES_ERROR;
				CLANG_WARN_DOCUMENTATION_COMMENTS = YES;
				CLANG_WARN_EMPTY_BODY = YES;
				CLANG_WARN_ENUM_CONVERSION = YES;
				CLANG_WARN_INFINITE_RECURSION = YES;
				CLANG_WARN_INT_CONVERSION = YES;
				CLANG_WARN_NON_LITERAL_NULL_CONVERSION = YES;
				CLANG_WARN_OBJC_IMPLICIT_RETAIN_SELF = YES;
				CLANG_WARN_OBJC_LITERAL_CONVERSION = YES;
				CLANG_WARN_OBJC_ROOT_CLASS = YES_ERROR;
				CLANG_WARN_RANGE_LOOP_ANALYSIS = YES;
				CLANG_WARN_STRICT_PROTOTYPES = YES;
				CLANG_WARN_SUSPICIOUS_MOVE = YES;
				CLANG_WARN_UNGUARDED_AVAILABILITY = YES_AGGRESSIVE;
				CLANG_WARN_UNREACHABLE_CODE = YES;
				CLANG_WARN__DUPLICATE_METHOD_MATCH = YES;
				COPY_PHASE_STRIP = NO;
				DEBUG_INFORMATION_FORMAT = "dwarf-with-dsym";
				ENABLE_NS_ASSERTIONS = NO;
				ENABLE_STRICT_OBJC_MSGSEND = YES;
				GCC_C_LANGUAGE_STANDARD = gnu11;
				GCC_NO_COMMON_BLOCKS = YES;
				GCC_WARN_64_TO_32_BIT_CONVERSION = YES;
				GCC_WARN_ABOUT_RETURN_TYPE = YES_ERROR;
				GCC_WARN_UNDECLARED_SELECTOR = YES;
				GCC_WARN_UNINITIALIZED_AUTOS = YES_AGGRESSIVE;
				GCC_WARN_UNUSED_FUNCTION = YES;
				GCC_WARN_UNUSED_VARIABLE = YES;
				MACOSX_DEPLOYMENT_TARGET = 10.14;
				MTL_ENABLE_DEBUG_INFO = NO;
				MTL_FAST_MATH = YES;
				SDKROOT = macosx;
			};
			name = Release;
		};
		FFF2DDF123DFED8F0083027E /* Debug */ = {
			isa = XCBuildConfiguration;
			buildSettings = {
				CODE_SIGN_STYLE = Automatic;
				DEVELOPMENT_TEAM = KSH88VN7TG;
				ENABLE_HARDENED_RUNTIME = YES;
				HEADER_SEARCH_PATHS = (
					/Users/zhangxinjie01/OpenGL/LearnOpenGL/LearnOpenGL/include,
					/Users/zhangxinjie01/OpenGL/LearnOpenGL/LearnOpenGL,
				);
				LIBRARY_SEARCH_PATHS = "/Users/zhangxinjie01/OpenGL/LearnOpenGL/LearnOpenGL/lib-macos";
				PRODUCT_NAME = "$(TARGET_NAME)";
			};
			name = Debug;
		};
		FFF2DDF223DFED8F0083027E /* Release */ = {
			isa = XCBuildConfiguration;
			buildSettings = {
				CODE_SIGN_STYLE = Automatic;
				DEVELOPMENT_TEAM = KSH88VN7TG;
				ENABLE_HARDENED_RUNTIME = YES;
				HEADER_SEARCH_PATHS = (
					/Users/zhangxinjie01/OpenGL/LearnOpenGL/LearnOpenGL/include,
					/Users/zhangxinjie01/OpenGL/LearnOpenGL/LearnOpenGL,
				);
				LIBRARY_SEARCH_PATHS = "/Users/zhangxinjie01/OpenGL/LearnOpenGL/LearnOpenGL/lib-macos";
				PRODUCT_NAME = "$(TARGET_NAME)";
			};
			name = Release;
		};
/* End XCBuildConfiguration section */

/* Begin XCConfigurationList section */
		FFF2DDE423DFED8F0083027E /* Build configuration list for PBXProject "LearnOpenGL" */ = {
			isa = XCConfigurationList;
			buildConfigurations = (
				FFF2DDEE23DFED8F0083027E /* Debug */,
				FFF2DDEF23DFED8F0083027E /* Release */,
			);
			defaultConfigurationIsVisible = 0;
			defaultConfigurationName = Release;
		};
		FFF2DDF023DFED8F0083027E /* Build configuration list for PBXNativeTarget "LearnOpenGL" */ = {
			isa = XCConfigurationList;
			buildConfigurations = (
				FFF2DDF123DFED8F0083027E /* Debug */,
				FFF2DDF223DFED8F0083027E /* Release */,
			);
			defaultConfigurationIsVisible = 0;
			defaultConfigurationName = Release;
		};
/* End XCConfigurationList section */
	};
	rootObject = FFF2DDE123DFED8F0083027E /* Project object */;
}
